Microsoft Visual Studio Solution File, Format Version 11.00
# Visual Studio 2010
Project("{8BC9CEB8-8B4A-11D0-8D11-00A0C91BC942}") = "fileIO", "fileIO\fileIO.vcxproj", "{4EA975AC-2617-4696-9DCF-FFD9FF7FD4EF}"
EndProject
Project("{8BC9CEB8-8B4A-11D0-8D11-00A0C91BC942}") = "filebuf", "filebuf\filebuf.vcxproj", "{046D8B7C-F7C0-4395-9DCD-5A2913E6C0E9}"
EndProject
Project("{8BC9CEB8-8B4A-11D0-8D11-00A0C91BC942}") = "formats", "formats\formats.vcxproj", "{D33B0077-B114-4881-9E28-A24092968AD9}"
EndProject
Project("{8BC9CEB8-8B4A-11D0-8D11-00A0C91BC942}") = "readwrite", "readwrite\readwrite.vcxproj", "{F180D663-044E-4029-A1AB-50E7E7847837}"
EndProject
Project("{8BC9CEB8-8B4A-11D0-8D11-00A0C91BC942}") = "stringIO", "stringIO\stringIO.vcxproj", "{0612DCFC-8B74-4D86-942C-1582943B8355}"
EndProject
Global
	GlobalSection(SolutionConfigurationPlatforms) = preSolution
		Debug|Win32 = Debug|Win32
		Release|Win32 = Release|Win32
	EndGlobalSection
	GlobalSection(ProjectConfigurationPlatforms) = postSolution
		{4EA975AC-2617-4696-9DCF-FFD9FF7FD4EF}.Debug|Win32.ActiveCfg = Debug|Win32
		{4EA975AC-2617-4696-9DCF-FFD9FF7FD4EF}.Debug|Win32.Build.0 = Debug|Win32
		{4EA975AC-2617-4696-9DCF-FFD9FF7FD4EF}.Release|Win32.ActiveCfg = Release|Win32
		{4EA975AC-2617-4696-9DCF-FFD9FF7FD4EF}.Release|Win32.Build.0 = Release|Win32
		{046D8B7C-F7C0-4395-9DCD-5A2913E6C0E9}.Debug|Win32.ActiveCfg = Debug|Win32
		{046D8B7C-F7C0-4395-9DCD-5A2913E6C0E9}.Debug|Win32.Build.0 = Debug|Win32
		{046D8B7C-F7C0-4395-9DCD-5A2913E6C0E9}.Release|Win32.ActiveCfg = Release|Win32
		{046D8B7C-F7C0-4395-9DCD-5A2913E6C0E9}.Release|Win32.Build.0 = Release|Win32
		{D33B0077-B114-4881-9E28-A24092968AD9}.Debug|Win32.ActiveCfg = Debug|Win32
		{D33B0077-B114-4881-9E28-A24092968AD9}.Debug|Win32.Build.0 = Debug|Win32
		{D33B0077-B114-4881-9E28-A24092968AD9}.Release|Win32.ActiveCfg = Release|Win32
		{D33B0077-B114-4881-9E28-A24092968AD9}.Release|Win32.Build.0 = Release|Win32
		{F180D663-044E-4029-A1AB-50E7E7847837}.Debug|Win32.ActiveCfg = Debug|Win32
		{F180D663-044E-4029-A1AB-50E7E7847837}.Debug|Win32.Build.0 = Debug|Win32
		{F180D663-044E-4029-A1AB-50E7E7847837}.Release|Win32.ActiveCfg = Release|Win32
		{F180D663-044E-4029-A1AB-50E7E7847837}.Release|Win32.Build.0 = Release|Win32
		{0612DCFC-8B74-4D86-942C-1582943B8355}.Debug|Win32.ActiveCfg = Debug|Win32
		{0612DCFC-8B74-4D86-942C-1582943B8355}.Debug|Win32.Build.0 = Debug|Win32
		{0612DCFC-8B74-4D86-942C-1582943B8355}.Release|Win32.ActiveCfg = Release|Win32
		{0612DCFC-8B74-4D86-942C-1582943B8355}.Release|Win32.Build.0 = Release|Win32
	EndGlobalSection
	GlobalSection(SolutionProperties) = preSolution
		HideSolutionNode = FALSE
	EndGlobalSection
EndGlobal
