
Microsoft Visual Studio Solution File, Format Version 11.00
# Visual Studio 2010
Project("{8BC9CEB8-8B4A-11D0-8D11-00A0C91BC942}") = "FileSystemDemo", "FileSystemDemo\FileSystemDemo.vcxproj", "{EF4A3188-CA93-45A2-AB52-7548669E3AA8}"
EndProject
Project("{8BC9CEB8-8B4A-11D0-8D11-00A0C91BC942}") = "GetIncludes", "GetIncludes\GetIncludes.vcxproj", "{834CCC35-0E2F-4159-A5E8-4F0B4414EB35}"
EndProject
Global
	GlobalSection(SolutionConfigurationPlatforms) = preSolution
		Debug|Win32 = Debug|Win32
		Release|Win32 = Release|Win32
	EndGlobalSection
	GlobalSection(ProjectConfigurationPlatforms) = postSolution
		{EF4A3188-CA93-45A2-AB52-7548669E3AA8}.Debug|Win32.ActiveCfg = Debug|Win32
		{EF4A3188-CA93-45A2-AB52-7548669E3AA8}.Debug|Win32.Build.0 = Debug|Win32
		{EF4A3188-CA93-45A2-AB52-7548669E3AA8}.Release|Win32.ActiveCfg = Release|Win32
		{EF4A3188-CA93-45A2-AB52-7548669E3AA8}.Release|Win32.Build.0 = Release|Win32
		{834CCC35-0E2F-4159-A5E8-4F0B4414EB35}.Debug|Win32.ActiveCfg = Debug|Win32
		{834CCC35-0E2F-4159-A5E8-4F0B4414EB35}.Debug|Win32.Build.0 = Debug|Win32
		{834CCC35-0E2F-4159-A5E8-4F0B4414EB35}.Release|Win32.ActiveCfg = Release|Win32
		{834CCC35-0E2F-4159-A5E8-4F0B4414EB35}.Release|Win32.Build.0 = Release|Win32
	EndGlobalSection
	GlobalSection(SolutionProperties) = preSolution
		HideSolutionNode = FALSE
	EndGlobalSection
EndGlobal
