
Microsoft Visual Studio Solution File, Format Version 11.00
# Visual Studio 2010
Project("{FAE04EC0-301F-11D3-BF4B-00C04F79EFBC}") = "FinalProject", "FinalProject\FinalProject.csproj", "{6200793D-5610-4AFE-B48F-BA866EFEF53F}"
	ProjectSection(ProjectDependencies) = postProject
		{2F4532B9-DE9C-4CB2-A1ED-C5CF6042AFBB} = {2F4532B9-DE9C-4CB2-A1ED-C5CF6042AFBB}
	EndProjectSection
EndProject
Project("{FAE04EC0-301F-11D3-BF4B-00C04F79EFBC}") = "Wiki", "Wiki\Wiki.csproj", "{F3EACCFF-9C81-46B4-B41D-6DDD321D28C6}"
EndProject
Project("{FAE04EC0-301F-11D3-BF4B-00C04F79EFBC}") = "WCFService", "WCFService\WCFService.csproj", "{2F4532B9-DE9C-4CB2-A1ED-C5CF6042AFBB}"
EndProject
Project("{FAE04EC0-301F-11D3-BF4B-00C04F79EFBC}") = "WPFClient", "WPFClient\WPFClient.csproj", "{25DC7D3D-5F8C-437D-86EA-AC08586FFCD1}"
	ProjectSection(ProjectDependencies) = postProject
		{2F4532B9-DE9C-4CB2-A1ED-C5CF6042AFBB} = {2F4532B9-DE9C-4CB2-A1ED-C5CF6042AFBB}
	EndProjectSection
EndProject
Global
	GlobalSection(SolutionConfigurationPlatforms) = preSolution
		Debug|Any CPU = Debug|Any CPU
		Debug|Mixed Platforms = Debug|Mixed Platforms
		Debug|x86 = Debug|x86
		Release|Any CPU = Release|Any CPU
		Release|Mixed Platforms = Release|Mixed Platforms
		Release|x86 = Release|x86
	EndGlobalSection
	GlobalSection(ProjectConfigurationPlatforms) = postSolution
		{6200793D-5610-4AFE-B48F-BA866EFEF53F}.Debug|Any CPU.ActiveCfg = Debug|Any CPU
		{6200793D-5610-4AFE-B48F-BA866EFEF53F}.Debug|Any CPU.Build.0 = Debug|Any CPU
		{6200793D-5610-4AFE-B48F-BA866EFEF53F}.Debug|Mixed Platforms.ActiveCfg = Debug|Any CPU
		{6200793D-5610-4AFE-B48F-BA866EFEF53F}.Debug|Mixed Platforms.Build.0 = Debug|Any CPU
		{6200793D-5610-4AFE-B48F-BA866EFEF53F}.Debug|x86.ActiveCfg = Debug|Any CPU
		{6200793D-5610-4AFE-B48F-BA866EFEF53F}.Release|Any CPU.ActiveCfg = Release|Any CPU
		{6200793D-5610-4AFE-B48F-BA866EFEF53F}.Release|Any CPU.Build.0 = Release|Any CPU
		{6200793D-5610-4AFE-B48F-BA866EFEF53F}.Release|Mixed Platforms.ActiveCfg = Release|Any CPU
		{6200793D-5610-4AFE-B48F-BA866EFEF53F}.Release|Mixed Platforms.Build.0 = Release|Any CPU
		{6200793D-5610-4AFE-B48F-BA866EFEF53F}.Release|x86.ActiveCfg = Release|Any CPU
		{F3EACCFF-9C81-46B4-B41D-6DDD321D28C6}.Debug|Any CPU.ActiveCfg = Debug|Any CPU
		{F3EACCFF-9C81-46B4-B41D-6DDD321D28C6}.Debug|Any CPU.Build.0 = Debug|Any CPU
		{F3EACCFF-9C81-46B4-B41D-6DDD321D28C6}.Debug|Mixed Platforms.ActiveCfg = Debug|Any CPU
		{F3EACCFF-9C81-46B4-B41D-6DDD321D28C6}.Debug|Mixed Platforms.Build.0 = Debug|Any CPU
		{F3EACCFF-9C81-46B4-B41D-6DDD321D28C6}.Debug|x86.ActiveCfg = Debug|Any CPU
		{F3EACCFF-9C81-46B4-B41D-6DDD321D28C6}.Release|Any CPU.ActiveCfg = Release|Any CPU
		{F3EACCFF-9C81-46B4-B41D-6DDD321D28C6}.Release|Any CPU.Build.0 = Release|Any CPU
		{F3EACCFF-9C81-46B4-B41D-6DDD321D28C6}.Release|Mixed Platforms.ActiveCfg = Release|Any CPU
		{F3EACCFF-9C81-46B4-B41D-6DDD321D28C6}.Release|Mixed Platforms.Build.0 = Release|Any CPU
		{F3EACCFF-9C81-46B4-B41D-6DDD321D28C6}.Release|x86.ActiveCfg = Release|Any CPU
		{2F4532B9-DE9C-4CB2-A1ED-C5CF6042AFBB}.Debug|Any CPU.ActiveCfg = Debug|Any CPU
		{2F4532B9-DE9C-4CB2-A1ED-C5CF6042AFBB}.Debug|Any CPU.Build.0 = Debug|Any CPU
		{2F4532B9-DE9C-4CB2-A1ED-C5CF6042AFBB}.Debug|Mixed Platforms.ActiveCfg = Debug|Any CPU
		{2F4532B9-DE9C-4CB2-A1ED-C5CF6042AFBB}.Debug|Mixed Platforms.Build.0 = Debug|Any CPU
		{2F4532B9-DE9C-4CB2-A1ED-C5CF6042AFBB}.Debug|x86.ActiveCfg = Debug|Any CPU
		{2F4532B9-DE9C-4CB2-A1ED-C5CF6042AFBB}.Release|Any CPU.ActiveCfg = Release|Any CPU
		{2F4532B9-DE9C-4CB2-A1ED-C5CF6042AFBB}.Release|Any CPU.Build.0 = Release|Any CPU
		{2F4532B9-DE9C-4CB2-A1ED-C5CF6042AFBB}.Release|Mixed Platforms.ActiveCfg = Release|Any CPU
		{2F4532B9-DE9C-4CB2-A1ED-C5CF6042AFBB}.Release|Mixed Platforms.Build.0 = Release|Any CPU
		{2F4532B9-DE9C-4CB2-A1ED-C5CF6042AFBB}.Release|x86.ActiveCfg = Release|Any CPU
		{25DC7D3D-5F8C-437D-86EA-AC08586FFCD1}.Debug|Any CPU.ActiveCfg = Debug|x86
		{25DC7D3D-5F8C-437D-86EA-AC08586FFCD1}.Debug|Mixed Platforms.ActiveCfg = Debug|x86
		{25DC7D3D-5F8C-437D-86EA-AC08586FFCD1}.Debug|Mixed Platforms.Build.0 = Debug|x86
		{25DC7D3D-5F8C-437D-86EA-AC08586FFCD1}.Debug|x86.ActiveCfg = Debug|x86
		{25DC7D3D-5F8C-437D-86EA-AC08586FFCD1}.Debug|x86.Build.0 = Debug|x86
		{25DC7D3D-5F8C-437D-86EA-AC08586FFCD1}.Release|Any CPU.ActiveCfg = Release|x86
		{25DC7D3D-5F8C-437D-86EA-AC08586FFCD1}.Release|Mixed Platforms.ActiveCfg = Release|x86
		{25DC7D3D-5F8C-437D-86EA-AC08586FFCD1}.Release|Mixed Platforms.Build.0 = Release|x86
		{25DC7D3D-5F8C-437D-86EA-AC08586FFCD1}.Release|x86.ActiveCfg = Release|x86
		{25DC7D3D-5F8C-437D-86EA-AC08586FFCD1}.Release|x86.Build.0 = Release|x86
	EndGlobalSection
	GlobalSection(SolutionProperties) = preSolution
		HideSolutionNode = FALSE
	EndGlobalSection
EndGlobal
