
Microsoft Visual Studio Solution File, Format Version 11.00
# Visual Studio 2010
Project("{2150E333-8FDC-42A3-9474-1A3956D46DE8}") = "Solution Items", "Solution Items", "{31DFB7C7-7426-453D-96B7-C543C622E233}"
EndProject
Project("{8BC9CEB8-8B4A-11D0-8D11-00A0C91BC942}") = "Tokenizer", "Tokenizer\Tokenizer.vcxproj", "{3AEE16E4-A107-461D-818E-DE479ACD12CA}"
EndProject
Project("{8BC9CEB8-8B4A-11D0-8D11-00A0C91BC942}") = "SemiExpression", "SemiExpression\SemiExpression.vcxproj", "{BC0B6745-A5C5-400F-9009-F3C959ADF5C5}"
EndProject
Project("{8BC9CEB8-8B4A-11D0-8D11-00A0C91BC942}") = "Parser", "Parser\Parser.vcxproj", "{F9D2AD28-3213-41E1-A289-42CD611ED2B5}"
EndProject
Project("{8BC9CEB8-8B4A-11D0-8D11-00A0C91BC942}") = "Executive", "Executive\Executive.vcxproj", "{493BBBBB-FC9D-47E7-ADA4-2067A1F29EFE}"
EndProject
Project("{8BC9CEB8-8B4A-11D0-8D11-00A0C91BC942}") = "DerivedRulesAndActions", "DerivedRulesAndActions\DerivedRulesAndActions.vcxproj", "{35729250-9088-4620-A2F2-D4B76FEFAD34}"
EndProject
Project("{8BC9CEB8-8B4A-11D0-8D11-00A0C91BC942}") = "ScopeStack", "ScopeStack\ScopeStack.vcxproj", "{D13E269F-E6D1-4AEC-8B06-9D46C76F0CC8}"
EndProject
Project("{8BC9CEB8-8B4A-11D0-8D11-00A0C91BC942}") = "ScopeStackTest", "ScopeStackTest\ScopeStackTest.vcxproj", "{991BCBAC-66DA-488C-B55E-779EE3C2DF1B}"
EndProject
Global
	GlobalSection(SolutionConfigurationPlatforms) = preSolution
		Debug|Win32 = Debug|Win32
		Release|Win32 = Release|Win32
	EndGlobalSection
	GlobalSection(ProjectConfigurationPlatforms) = postSolution
		{3AEE16E4-A107-461D-818E-DE479ACD12CA}.Debug|Win32.ActiveCfg = Debug|Win32
		{3AEE16E4-A107-461D-818E-DE479ACD12CA}.Debug|Win32.Build.0 = Debug|Win32
		{3AEE16E4-A107-461D-818E-DE479ACD12CA}.Release|Win32.ActiveCfg = Release|Win32
		{3AEE16E4-A107-461D-818E-DE479ACD12CA}.Release|Win32.Build.0 = Release|Win32
		{BC0B6745-A5C5-400F-9009-F3C959ADF5C5}.Debug|Win32.ActiveCfg = Debug|Win32
		{BC0B6745-A5C5-400F-9009-F3C959ADF5C5}.Debug|Win32.Build.0 = Debug|Win32
		{BC0B6745-A5C5-400F-9009-F3C959ADF5C5}.Release|Win32.ActiveCfg = Release|Win32
		{BC0B6745-A5C5-400F-9009-F3C959ADF5C5}.Release|Win32.Build.0 = Release|Win32
		{F9D2AD28-3213-41E1-A289-42CD611ED2B5}.Debug|Win32.ActiveCfg = Debug|Win32
		{F9D2AD28-3213-41E1-A289-42CD611ED2B5}.Debug|Win32.Build.0 = Debug|Win32
		{F9D2AD28-3213-41E1-A289-42CD611ED2B5}.Release|Win32.ActiveCfg = Release|Win32
		{F9D2AD28-3213-41E1-A289-42CD611ED2B5}.Release|Win32.Build.0 = Release|Win32
		{493BBBBB-FC9D-47E7-ADA4-2067A1F29EFE}.Debug|Win32.ActiveCfg = Debug|Win32
		{493BBBBB-FC9D-47E7-ADA4-2067A1F29EFE}.Debug|Win32.Build.0 = Debug|Win32
		{493BBBBB-FC9D-47E7-ADA4-2067A1F29EFE}.Release|Win32.ActiveCfg = Release|Win32
		{493BBBBB-FC9D-47E7-ADA4-2067A1F29EFE}.Release|Win32.Build.0 = Release|Win32
		{35729250-9088-4620-A2F2-D4B76FEFAD34}.Debug|Win32.ActiveCfg = Debug|Win32
		{35729250-9088-4620-A2F2-D4B76FEFAD34}.Debug|Win32.Build.0 = Debug|Win32
		{35729250-9088-4620-A2F2-D4B76FEFAD34}.Release|Win32.ActiveCfg = Release|Win32
		{35729250-9088-4620-A2F2-D4B76FEFAD34}.Release|Win32.Build.0 = Release|Win32
		{D13E269F-E6D1-4AEC-8B06-9D46C76F0CC8}.Debug|Win32.ActiveCfg = Debug|Win32
		{D13E269F-E6D1-4AEC-8B06-9D46C76F0CC8}.Debug|Win32.Build.0 = Debug|Win32
		{D13E269F-E6D1-4AEC-8B06-9D46C76F0CC8}.Release|Win32.ActiveCfg = Release|Win32
		{D13E269F-E6D1-4AEC-8B06-9D46C76F0CC8}.Release|Win32.Build.0 = Release|Win32
		{991BCBAC-66DA-488C-B55E-779EE3C2DF1B}.Debug|Win32.ActiveCfg = Debug|Win32
		{991BCBAC-66DA-488C-B55E-779EE3C2DF1B}.Debug|Win32.Build.0 = Debug|Win32
		{991BCBAC-66DA-488C-B55E-779EE3C2DF1B}.Release|Win32.ActiveCfg = Release|Win32
		{991BCBAC-66DA-488C-B55E-779EE3C2DF1B}.Release|Win32.Build.0 = Release|Win32
	EndGlobalSection
	GlobalSection(SolutionProperties) = preSolution
		HideSolutionNode = FALSE
	EndGlobalSection
EndGlobal
